
Microsoft Visual Studio Solution File, Format Version 12.00
Project("{FAE04EC0-301F-11D3-BF4B-00C04F79EFBC}") = "ha-proxy", "ha-proxy\ha-proxy.csproj", "{852DDDCB-E2E8-44B5-81F3-2C260DC3A43D}"
EndProject
Global
	GlobalSection(SolutionConfigurationPlatforms) = preSolution
		Debug|Any CPU = Debug|Any CPU
		Release|Any CPU = Release|Any CPU
	EndGlobalSection
	GlobalSection(ProjectConfigurationPlatforms) = postSolution
		{852DDDCB-E2E8-44B5-81F3-2C260DC3A43D}.Debug|Any CPU.ActiveCfg = Debug|Any CPU
		{852DDDCB-E2E8-44B5-81F3-2C260DC3A43D}.Debug|Any CPU.Build.0 = Debug|Any CPU
		{852DDDCB-E2E8-44B5-81F3-2C260DC3A43D}.Release|Any CPU.ActiveCfg = Release|Any CPU
		{852DDDCB-E2E8-44B5-81F3-2C260DC3A43D}.Release|Any CPU.Build.0 = Release|Any CPU
	EndGlobalSection
EndGlobal
